{
  "name": "citations",
  "version": "0.0.1",
  "lockfileVersion": 1,
  "requires": true,
  "dependencies": {
    "check-types": {
      "version": "11.1.2",
      "resolved": "https://registry.npmjs.org/check-types/-/check-types-11.1.2.tgz",
      "integrity": "sha512-tzWzvgePgLORb9/3a0YenggReLKAIb2owL03H2Xdoe5pKcUyWRSEQ8xfCar8t2SIAuEDwtmx2da1YB52YuHQMQ=="
    }
  }
}
